
Microsoft Visual Studio Solution File, Format Version 12.00
# Visual Studio Version 16
VisualStudioVersion = 16.0.31729.503
MinimumVisualStudioVersion = 10.0.40219.1
Project("{FAE04EC0-301F-11D3-BF4B-00C04F79EFBC}") = "AdeptOS", "AdeptOS\AdeptOS.csproj", "{91FCD95E-9EF8-475A-88C0-8AD92F4BCD25}"
EndProject
Project("{2150E333-8FDC-42A3-9474-1A3956D46DE8}") = "0. AdeptOS", "0. AdeptOS", "{4170D6EA-E682-4E9C-9144-E598AAB1D6B3}"
EndProject
Project("{D954291E-2A0B-460D-934E-DC6B0785DB48}") = "AdeptOS.Core", "AdeptOS.Core\AdeptOS.Core.shproj", "{36C187A8-C2F7-4F49-89C2-2CB3308D5543}"
EndProject
Project("{2150E333-8FDC-42A3-9474-1A3956D46DE8}") = "1. UtilityApps", "1. UtilityApps", "{E7AF47EE-1283-4B4B-98CD-A28C833B461F}"
EndProject
Project("{FAE04EC0-301F-11D3-BF4B-00C04F79EFBC}") = "Tester", "Tester\Tester.csproj", "{65BA790D-11F7-4F1F-8E87-7E54B1A3EB30}"
EndProject
Project("{D954291E-2A0B-460D-934E-DC6B0785DB48}") = "AdeptOS.RPC", "AdeptOS.RPC\AdeptOS.RPC.shproj", "{232C056D-EB8A-4A00-BB28-6A029E56B083}"
EndProject
Project("{2150E333-8FDC-42A3-9474-1A3956D46DE8}") = "AdeptOS.CoreFunctions", "AdeptOS.CoreFunctions", "{4FFAC40E-B184-4BBE-AF2D-085993D3CAD9}"
EndProject
Project("{D954291E-2A0B-460D-934E-DC6B0785DB48}") = "AdeptOS.CoreFunctions.Contract", "AdeptOS.CoreFunctions\AdeptOS.CoreFunctions.Contract\AdeptOS.CoreFunctions.Contract.shproj", "{570887FE-765E-4134-A864-BAB92289C6F2}"
EndProject
Project("{D954291E-2A0B-460D-934E-DC6B0785DB48}") = "AdeptOS.CoreFunctions.Impl", "AdeptOS.CoreFunctions\AdeptOS.CoreFunctions.Impl\AdeptOS.CoreFunctions.Impl.shproj", "{0DF5A990-156E-464C-9175-1E3D48682389}"
EndProject
Project("{D954291E-2A0B-460D-934E-DC6B0785DB48}") = "AdeptOS.CoreFunctions.Remote", "AdeptOS.CoreFunctions\AdeptOS.CoreFunctions.Remote\AdeptOS.CoreFunctions.Remote.shproj", "{4A1DD7E8-F415-4702-A2EA-494E26D05162}"
EndProject
Project("{2150E333-8FDC-42A3-9474-1A3956D46DE8}") = "2. TestPackages", "2. TestPackages", "{449C80C2-CE23-4BCA-B4B6-C840CDBE57EE}"
EndProject
Project("{FAE04EC0-301F-11D3-BF4B-00C04F79EFBC}") = "TestPackages.AosCore", "..\TestPackages\TestPackages.AosCore\TestPackages.AosCore.csproj", "{6FC614F1-0F7F-4226-81DA-6649C7C2710B}"
EndProject
Project("{FAE04EC0-301F-11D3-BF4B-00C04F79EFBC}") = "TestPackages.AosCoreWithRPC", "..\TestPackages\TestPackages.AosCoreWithRPC\TestPackages.AosCoreWithRPC.csproj", "{FF49F997-61B3-4549-973B-05077D1D8B3B}"
EndProject
Project("{2150E333-8FDC-42A3-9474-1A3956D46DE8}") = "AdeptOS.Inventory", "AdeptOS.Inventory", "{4AE70F38-4B09-4A33-B575-3B9ADE272F20}"
EndProject
Project("{D954291E-2A0B-460D-934E-DC6B0785DB48}") = "AdeptOS.Inventory.Contract", "AdeptOS.Inventory\AdeptOS.Inventory.Contract\AdeptOS.Inventory.Contract.shproj", "{EE091644-755A-4EDF-B8B4-184DB8E36EB5}"
EndProject
Project("{D954291E-2A0B-460D-934E-DC6B0785DB48}") = "AdeptOS.Inventory.Impl", "AdeptOS.Inventory\AdeptOS.Inventory.Impl\AdeptOS.Inventory.Impl.shproj", "{7C31EBC7-C7E8-4F4A-8C54-A74397058EC3}"
EndProject
Project("{FAE04EC0-301F-11D3-BF4B-00C04F79EFBC}") = "TestPackages.AosCoreInventory", "..\TestPackages\TestPackages.AosCoreInventory\TestPackages.AosCoreInventory.csproj", "{499FDB05-1955-4B9D-BC8A-B169C2053D53}"
EndProject
Project("{D954291E-2A0B-460D-934E-DC6B0785DB48}") = "AutoDrill.Impl", "Modules\AutoDrill\AutoDrill.Impl\AutoDrill.Impl.shproj", "{89A4A4ED-E0CF-45A5-811C-B3438F0C5C1B}"
EndProject
Project("{2150E333-8FDC-42A3-9474-1A3956D46DE8}") = "AdeptOS.Navigation", "AdeptOS.Navigation", "{6BA881F4-FC1E-4864-9F90-C532487B7883}"
EndProject
Project("{D954291E-2A0B-460D-934E-DC6B0785DB48}") = "AdeptOS.Navigation.Contract", "AdeptOS.Navigation\AdeptOS.Navigation.Contract\AdeptOS.Navigation.Contract.shproj", "{B3AFB483-EFB5-42C4-831E-B792BD56B258}"
EndProject
Project("{D954291E-2A0B-460D-934E-DC6B0785DB48}") = "AdeptOS.Navigation.Impl", "AdeptOS.Navigation\AdeptOS.Navigation.Impl\AdeptOS.Navigation.Impl.shproj", "{9E9CCC72-66DB-489C-BDE5-949FCB134210}"
EndProject
Project("{2150E333-8FDC-42A3-9474-1A3956D46DE8}") = "3. Modules", "3. Modules", "{47D12005-86EE-4D95-A146-BFD3C33D9017}"
EndProject
Project("{2150E333-8FDC-42A3-9474-1A3956D46DE8}") = "AutoDrill", "AutoDrill", "{87F5745B-7444-4DC2-B2AB-95FEC7075407}"
EndProject
Project("{FAE04EC0-301F-11D3-BF4B-00C04F79EFBC}") = "TestPackages.AosAutoRotorDrill", "..\TestPackages\TestPackages.AosAutoRotorDrill\TestPackages.AosAutoRotorDrill.csproj", "{4880F5CC-8E92-40C8-BD3E-B57CE91658C3}"
EndProject
Global
	GlobalSection(SharedMSBuildProjectFiles) = preSolution
		AdeptOS.RPC\AdeptOS.RPC.projitems*{232c056d-eb8a-4a00-bb28-6a029e56b083}*SharedItemsImports = 13
		AdeptOS.Core\AdeptOS.Core.projitems*{36c187a8-c2f7-4f49-89c2-2cb3308d5543}*SharedItemsImports = 13
		AdeptOS.Core\AdeptOS.Core.projitems*{4880f5cc-8e92-40c8-bd3e-b57ce91658c3}*SharedItemsImports = 4
		Modules\AutoDrill\AutoDrill.Impl\AutoDrill.Impl.projitems*{4880f5cc-8e92-40c8-bd3e-b57ce91658c3}*SharedItemsImports = 4
		AdeptOS.Core\AdeptOS.Core.projitems*{499fdb05-1955-4b9d-bc8a-b169c2053d53}*SharedItemsImports = 4
		AdeptOS.Inventory\AdeptOS.Inventory.Contract\AdeptOS.Inventory.Contract.projitems*{499fdb05-1955-4b9d-bc8a-b169c2053d53}*SharedItemsImports = 4
		AdeptOS.Inventory\AdeptOS.Inventory.Impl\AdeptOS.Inventory.Impl.projitems*{499fdb05-1955-4b9d-bc8a-b169c2053d53}*SharedItemsImports = 4
		Modules\AutoDrill\AutoDrill.Impl\AutoDrill.Impl.projitems*{499fdb05-1955-4b9d-bc8a-b169c2053d53}*SharedItemsImports = 4
		AdeptOS.Inventory\AdeptOS.Inventory.Impl\AdeptOS.Inventory.Impl.projitems*{7c31ebc7-c7e8-4f4a-8c54-a74397058ec3}*SharedItemsImports = 13
		Modules\AutoDrill\AutoDrill.Impl\AutoDrill.Impl.projitems*{89a4a4ed-e0cf-45a5-811c-b3438f0c5c1b}*SharedItemsImports = 13
		AdeptOS.CoreFunctions\AdeptOS.CoreFunctions.Contract\AdeptOS.CoreFunctions.Contract.projitems*{91fcd95e-9ef8-475a-88c0-8ad92f4bcd25}*SharedItemsImports = 4
		AdeptOS.CoreFunctions\AdeptOS.CoreFunctions.Impl\AdeptOS.CoreFunctions.Impl.projitems*{91fcd95e-9ef8-475a-88c0-8ad92f4bcd25}*SharedItemsImports = 4
		AdeptOS.CoreFunctions\AdeptOS.CoreFunctions.Remote\AdeptOS.CoreFunctions.Remote.projitems*{91fcd95e-9ef8-475a-88c0-8ad92f4bcd25}*SharedItemsImports = 4
		AdeptOS.Core\AdeptOS.Core.projitems*{91fcd95e-9ef8-475a-88c0-8ad92f4bcd25}*SharedItemsImports = 4
		AdeptOS.Navigation\AdeptOS.Navigation.Contract\AdeptOS.Navigation.Contract.projitems*{91fcd95e-9ef8-475a-88c0-8ad92f4bcd25}*SharedItemsImports = 4
		AdeptOS.Navigation\AdeptOS.Navigation.Impl\AdeptOS.Navigation.Impl.projitems*{91fcd95e-9ef8-475a-88c0-8ad92f4bcd25}*SharedItemsImports = 4
		AdeptOS.RPC\AdeptOS.RPC.projitems*{91fcd95e-9ef8-475a-88c0-8ad92f4bcd25}*SharedItemsImports = 4
		AdeptOS.Navigation\AdeptOS.Navigation.Impl\AdeptOS.Navigation.Impl.projitems*{9e9ccc72-66db-489c-bde5-949fcb134210}*SharedItemsImports = 13
		AdeptOS.Navigation\AdeptOS.Navigation.Contract\AdeptOS.Navigation.Contract.projitems*{b3afb483-efb5-42c4-831e-b792bd56b258}*SharedItemsImports = 13
		AdeptOS.Inventory\AdeptOS.Inventory.Contract\AdeptOS.Inventory.Contract.projitems*{ee091644-755a-4edf-b8b4-184db8e36eb5}*SharedItemsImports = 13
	EndGlobalSection
	GlobalSection(SolutionConfigurationPlatforms) = preSolution
		Debug|Any CPU = Debug|Any CPU
		Debug|x64 = Debug|x64
		Release|Any CPU = Release|Any CPU
		Release|x64 = Release|x64
	EndGlobalSection
	GlobalSection(ProjectConfigurationPlatforms) = postSolution
		{91FCD95E-9EF8-475A-88C0-8AD92F4BCD25}.Debug|Any CPU.ActiveCfg = Debug|x64
		{91FCD95E-9EF8-475A-88C0-8AD92F4BCD25}.Debug|x64.ActiveCfg = Debug|x64
		{91FCD95E-9EF8-475A-88C0-8AD92F4BCD25}.Debug|x64.Build.0 = Debug|x64
		{91FCD95E-9EF8-475A-88C0-8AD92F4BCD25}.Release|Any CPU.ActiveCfg = Debug|x64
		{91FCD95E-9EF8-475A-88C0-8AD92F4BCD25}.Release|Any CPU.Build.0 = Debug|x64
		{91FCD95E-9EF8-475A-88C0-8AD92F4BCD25}.Release|x64.ActiveCfg = Debug|x64
		{91FCD95E-9EF8-475A-88C0-8AD92F4BCD25}.Release|x64.Build.0 = Debug|x64
		{65BA790D-11F7-4F1F-8E87-7E54B1A3EB30}.Debug|Any CPU.ActiveCfg = Debug|Any CPU
		{65BA790D-11F7-4F1F-8E87-7E54B1A3EB30}.Debug|Any CPU.Build.0 = Debug|Any CPU
		{65BA790D-11F7-4F1F-8E87-7E54B1A3EB30}.Debug|x64.ActiveCfg = Debug|Any CPU
		{65BA790D-11F7-4F1F-8E87-7E54B1A3EB30}.Debug|x64.Build.0 = Debug|Any CPU
		{65BA790D-11F7-4F1F-8E87-7E54B1A3EB30}.Release|Any CPU.ActiveCfg = Release|Any CPU
		{65BA790D-11F7-4F1F-8E87-7E54B1A3EB30}.Release|Any CPU.Build.0 = Release|Any CPU
		{65BA790D-11F7-4F1F-8E87-7E54B1A3EB30}.Release|x64.ActiveCfg = Release|Any CPU
		{65BA790D-11F7-4F1F-8E87-7E54B1A3EB30}.Release|x64.Build.0 = Release|Any CPU
		{6FC614F1-0F7F-4226-81DA-6649C7C2710B}.Debug|Any CPU.ActiveCfg = Debug|x64
		{6FC614F1-0F7F-4226-81DA-6649C7C2710B}.Debug|x64.ActiveCfg = Debug|x64
		{6FC614F1-0F7F-4226-81DA-6649C7C2710B}.Debug|x64.Build.0 = Debug|x64
		{6FC614F1-0F7F-4226-81DA-6649C7C2710B}.Release|Any CPU.ActiveCfg = Debug|x64
		{6FC614F1-0F7F-4226-81DA-6649C7C2710B}.Release|Any CPU.Build.0 = Debug|x64
		{6FC614F1-0F7F-4226-81DA-6649C7C2710B}.Release|x64.ActiveCfg = Debug|x64
		{6FC614F1-0F7F-4226-81DA-6649C7C2710B}.Release|x64.Build.0 = Debug|x64
		{FF49F997-61B3-4549-973B-05077D1D8B3B}.Debug|Any CPU.ActiveCfg = Debug|x64
		{FF49F997-61B3-4549-973B-05077D1D8B3B}.Debug|x64.ActiveCfg = Debug|x64
		{FF49F997-61B3-4549-973B-05077D1D8B3B}.Debug|x64.Build.0 = Debug|x64
		{FF49F997-61B3-4549-973B-05077D1D8B3B}.Release|Any CPU.ActiveCfg = Debug|x64
		{FF49F997-61B3-4549-973B-05077D1D8B3B}.Release|Any CPU.Build.0 = Debug|x64
		{FF49F997-61B3-4549-973B-05077D1D8B3B}.Release|x64.ActiveCfg = Debug|x64
		{FF49F997-61B3-4549-973B-05077D1D8B3B}.Release|x64.Build.0 = Debug|x64
		{499FDB05-1955-4B9D-BC8A-B169C2053D53}.Debug|Any CPU.ActiveCfg = Debug|x64
		{499FDB05-1955-4B9D-BC8A-B169C2053D53}.Debug|x64.ActiveCfg = Debug|x64
		{499FDB05-1955-4B9D-BC8A-B169C2053D53}.Debug|x64.Build.0 = Debug|x64
		{499FDB05-1955-4B9D-BC8A-B169C2053D53}.Release|Any CPU.ActiveCfg = Debug|x64
		{499FDB05-1955-4B9D-BC8A-B169C2053D53}.Release|Any CPU.Build.0 = Debug|x64
		{499FDB05-1955-4B9D-BC8A-B169C2053D53}.Release|x64.ActiveCfg = Debug|x64
		{499FDB05-1955-4B9D-BC8A-B169C2053D53}.Release|x64.Build.0 = Debug|x64
		{4880F5CC-8E92-40C8-BD3E-B57CE91658C3}.Debug|Any CPU.ActiveCfg = Debug|x64
		{4880F5CC-8E92-40C8-BD3E-B57CE91658C3}.Debug|x64.ActiveCfg = Debug|x64
		{4880F5CC-8E92-40C8-BD3E-B57CE91658C3}.Debug|x64.Build.0 = Debug|x64
		{4880F5CC-8E92-40C8-BD3E-B57CE91658C3}.Release|Any CPU.ActiveCfg = Debug|x64
		{4880F5CC-8E92-40C8-BD3E-B57CE91658C3}.Release|Any CPU.Build.0 = Debug|x64
		{4880F5CC-8E92-40C8-BD3E-B57CE91658C3}.Release|x64.ActiveCfg = Debug|x64
		{4880F5CC-8E92-40C8-BD3E-B57CE91658C3}.Release|x64.Build.0 = Debug|x64
	EndGlobalSection
	GlobalSection(SolutionProperties) = preSolution
		HideSolutionNode = FALSE
	EndGlobalSection
	GlobalSection(NestedProjects) = preSolution
		{36C187A8-C2F7-4F49-89C2-2CB3308D5543} = {4170D6EA-E682-4E9C-9144-E598AAB1D6B3}
		{65BA790D-11F7-4F1F-8E87-7E54B1A3EB30} = {E7AF47EE-1283-4B4B-98CD-A28C833B461F}
		{232C056D-EB8A-4A00-BB28-6A029E56B083} = {4170D6EA-E682-4E9C-9144-E598AAB1D6B3}
		{4FFAC40E-B184-4BBE-AF2D-085993D3CAD9} = {4170D6EA-E682-4E9C-9144-E598AAB1D6B3}
		{570887FE-765E-4134-A864-BAB92289C6F2} = {4FFAC40E-B184-4BBE-AF2D-085993D3CAD9}
		{0DF5A990-156E-464C-9175-1E3D48682389} = {4FFAC40E-B184-4BBE-AF2D-085993D3CAD9}
		{4A1DD7E8-F415-4702-A2EA-494E26D05162} = {4FFAC40E-B184-4BBE-AF2D-085993D3CAD9}
		{6FC614F1-0F7F-4226-81DA-6649C7C2710B} = {449C80C2-CE23-4BCA-B4B6-C840CDBE57EE}
		{FF49F997-61B3-4549-973B-05077D1D8B3B} = {449C80C2-CE23-4BCA-B4B6-C840CDBE57EE}
		{4AE70F38-4B09-4A33-B575-3B9ADE272F20} = {4170D6EA-E682-4E9C-9144-E598AAB1D6B3}
		{EE091644-755A-4EDF-B8B4-184DB8E36EB5} = {4AE70F38-4B09-4A33-B575-3B9ADE272F20}
		{7C31EBC7-C7E8-4F4A-8C54-A74397058EC3} = {4AE70F38-4B09-4A33-B575-3B9ADE272F20}
		{499FDB05-1955-4B9D-BC8A-B169C2053D53} = {449C80C2-CE23-4BCA-B4B6-C840CDBE57EE}
		{89A4A4ED-E0CF-45A5-811C-B3438F0C5C1B} = {87F5745B-7444-4DC2-B2AB-95FEC7075407}
		{6BA881F4-FC1E-4864-9F90-C532487B7883} = {4170D6EA-E682-4E9C-9144-E598AAB1D6B3}
		{B3AFB483-EFB5-42C4-831E-B792BD56B258} = {6BA881F4-FC1E-4864-9F90-C532487B7883}
		{9E9CCC72-66DB-489C-BDE5-949FCB134210} = {6BA881F4-FC1E-4864-9F90-C532487B7883}
		{87F5745B-7444-4DC2-B2AB-95FEC7075407} = {47D12005-86EE-4D95-A146-BFD3C33D9017}
		{4880F5CC-8E92-40C8-BD3E-B57CE91658C3} = {449C80C2-CE23-4BCA-B4B6-C840CDBE57EE}
	EndGlobalSection
	GlobalSection(ExtensibilityGlobals) = postSolution
		SolutionGuid = {7BDEF870-93B7-4011-82FD-22D4B16BE55E}
	EndGlobalSection
EndGlobal
